
Microsoft Visual Studio Solution File, Format Version 11.00
# Visual Studio 2010
Project("{FAE04EC0-301F-11D3-BF4B-00C04F79EFBC}") = "xk3yDVDMenu", "xk3yDVDMenu.csproj", "{DB270D9D-74B1-4A84-8D2D-CE35BBCEE167}"
EndProject
Global
	GlobalSection(SolutionConfigurationPlatforms) = preSolution
		Debug|x86 = Debug|x86
		Release|x86 = Release|x86
	EndGlobalSection
	GlobalSection(ProjectConfigurationPlatforms) = postSolution
		{DB270D9D-74B1-4A84-8D2D-CE35BBCEE167}.Debug|x86.ActiveCfg = Debug|x86
		{DB270D9D-74B1-4A84-8D2D-CE35BBCEE167}.Debug|x86.Build.0 = Debug|x86
		{DB270D9D-74B1-4A84-8D2D-CE35BBCEE167}.Release|x86.ActiveCfg = Release|x86
		{DB270D9D-74B1-4A84-8D2D-CE35BBCEE167}.Release|x86.Build.0 = Release|x86
	EndGlobalSection
	GlobalSection(SolutionProperties) = preSolution
		HideSolutionNode = FALSE
	EndGlobalSection
EndGlobal
